
Microsoft Visual Studio Solution File, Format Version 12.00
# Visual Studio Version 16
VisualStudioVersion = 16.0.30204.135
MinimumVisualStudioVersion = 10.0.40219.1
Project("{8BC9CEB8-8B4A-11D0-8D11-00A0C91BC942}") = "Point.h", "Point.h\Point.h.vcxproj", "{303D7AE6-A219-4009-B4F4-B9678E79E99F}"
EndProject
Global
	GlobalSection(SolutionConfigurationPlatforms) = preSolution
		Debug|x64 = Debug|x64
		Debug|x86 = Debug|x86
		Release|x64 = Release|x64
		Release|x86 = Release|x86
	EndGlobalSection
	GlobalSection(ProjectConfigurationPlatforms) = postSolution
		{303D7AE6-A219-4009-B4F4-B9678E79E99F}.Debug|x64.ActiveCfg = Debug|x64
		{303D7AE6-A219-4009-B4F4-B9678E79E99F}.Debug|x64.Build.0 = Debug|x64
		{303D7AE6-A219-4009-B4F4-B9678E79E99F}.Debug|x86.ActiveCfg = Debug|Win32
		{303D7AE6-A219-4009-B4F4-B9678E79E99F}.Debug|x86.Build.0 = Debug|Win32
		{303D7AE6-A219-4009-B4F4-B9678E79E99F}.Release|x64.ActiveCfg = Release|x64
		{303D7AE6-A219-4009-B4F4-B9678E79E99F}.Release|x64.Build.0 = Release|x64
		{303D7AE6-A219-4009-B4F4-B9678E79E99F}.Release|x86.ActiveCfg = Release|Win32
		{303D7AE6-A219-4009-B4F4-B9678E79E99F}.Release|x86.Build.0 = Release|Win32
	EndGlobalSection
	GlobalSection(SolutionProperties) = preSolution
		HideSolutionNode = FALSE
	EndGlobalSection
	GlobalSection(ExtensibilityGlobals) = postSolution
		SolutionGuid = {607D6713-C404-4EDE-9AFA-BC535DCA7D36}
	EndGlobalSection
EndGlobal
